# This file is automatically @generated by Cargo.
# It is not intended for manual editing.
version = 4

[[package]]
name = "codewiki-cli"
version = "0.1.0"
dependencies = [
 "codewiki-core",
]

[[package]]
name = "codewiki-core"
version = "0.1.0"
dependencies = [
 "codewiki-detect",
 "codewiki-docs",
 "codewiki-explore",
 "codewiki-provider",
 "codewiki-store",
]

[[package]]
name = "codewiki-detect"
version = "0.1.0"

[[package]]
name = "codewiki-docs"
version = "0.1.0"
dependencies = [
 "codewiki-explore",
]

[[package]]
name = "codewiki-explore"
version = "0.1.0"

[[package]]
name = "codewiki-provider"
version = "0.1.0"

[[package]]
name = "codewiki-store"
version = "0.1.0"
